{
  "version": 4,
  "terraform_version": "1.12.2",
  "serial": 3,
  "lineage": "eddaaa73-cd9b-e502-8bfc-aec3fa717ac2",
  "outputs": {
    "bucket_url": {
      "value": "gs://stores-analysis-464721-stevenson-20250630",
      "type": "string"
    }
  },
  "resources": [
    {
      "mode": "managed",
      "type": "google_storage_bucket",
      "name": "ml_bucket",
      "provider": "provider[\"registry.terraform.io/hashicorp/google\"]",
      "instances": [
        {
          "schema_version": 3,
          "attributes": {
            "autoclass": [],
            "cors": [],
            "custom_placement_config": [],
            "default_event_based_hold": false,
            "effective_labels": {
              "goog-terraform-provisioned": "true"
            },
            "enable_object_retention": false,
            "encryption": [],
            "force_destroy": true,
            "hierarchical_namespace": [
              {
                "enabled": false
              }
            ],
            "id": "stores-analysis-464721-stevenson-20250630",
            "ip_filter": [],
            "labels": null,
            "lifecycle_rule": [],
            "location": "US-CENTRAL1",
            "logging": [],
            "name": "stores-analysis-464721-stevenson-20250630",
            "project": "stores-analysis-464721",
            "project_number": 379346208118,
            "public_access_prevention": "inherited",
            "requester_pays": false,
            "retention_policy": [],
            "rpo": null,
            "self_link": "https://www.googleapis.com/storage/v1/b/stores-analysis-464721-stevenson-20250630",
            "soft_delete_policy": [
              {
                "effective_time": "2025-07-02T21:31:11.392Z",
                "retention_duration_seconds": 604800
              }
            ],
            "storage_class": "STANDARD",
            "terraform_labels": {
              "goog-terraform-provisioned": "true"
            },
            "time_created": "2025-07-02T21:31:11.392Z",
            "timeouts": null,
            "uniform_bucket_level_access": false,
            "updated": "2025-07-02T21:31:11.392Z",
            "url": "gs://stores-analysis-464721-stevenson-20250630",
            "versioning": [],
            "website": []
          },
          "sensitive_attributes": [],
          "identity_schema_version": 0,
          "private": "eyJlMmJmYjczMC1lY2FhLTExZTYtOGY4OC0zNDM2M2JjN2M0YzAiOnsiY3JlYXRlIjo2MDAwMDAwMDAwMDAsInJlYWQiOjI0MDAwMDAwMDAwMCwidXBkYXRlIjoyNDAwMDAwMDAwMDB9LCJzY2hlbWFfdmVyc2lvbiI6IjMifQ=="
        }
      ]
    }
  ],
  "check_results": null
}
