{
  "version": 4,
  "terraform_version": "1.12.2",
  "serial": 17,
  "lineage": "eddaaa73-cd9b-e502-8bfc-aec3fa717ac2",
  "outputs": {
    "bigquery_dataset_id": {
      "value": "retail_sales",
      "type": "string"
    },
    "bigquery_table_id": {
      "value": "sales_clean",
      "type": "string"
    },
    "bucket_url": {
      "value": "gs://stores-analysis-464721-stevenson-20250630",
      "type": "string"
    },
    "vm_external_ip": {
      "value": "34.170.147.95",
      "type": "string"
    }
  },
  "resources": [
    {
      "mode": "managed",
      "type": "google_bigquery_dataset",
      "name": "retail_sales",
      "provider": "provider[\"registry.terraform.io/hashicorp/google\"]",
      "instances": [
        {
          "schema_version": 0,
          "attributes": {
            "access": [
              {
                "condition": [],
                "dataset": [],
                "domain": "",
                "group_by_email": "",
                "iam_member": "",
                "role": "OWNER",
                "routine": [],
                "special_group": "",
                "user_by_email": "dorestevensonedgard@gmail.com",
                "view": []
              },
              {
                "condition": [],
                "dataset": [],
                "domain": "",
                "group_by_email": "",
                "iam_member": "",
                "role": "OWNER",
                "routine": [],
                "special_group": "projectOwners",
                "user_by_email": "",
                "view": []
              },
              {
                "condition": [],
                "dataset": [],
                "domain": "",
                "group_by_email": "",
                "iam_member": "",
                "role": "READER",
                "routine": [],
                "special_group": "projectReaders",
                "user_by_email": "",
                "view": []
              },
              {
                "condition": [],
                "dataset": [],
                "domain": "",
                "group_by_email": "",
                "iam_member": "",
                "role": "WRITER",
                "routine": [],
                "special_group": "projectWriters",
                "user_by_email": "",
                "view": []
              }
            ],
            "creation_time": 1751529481338,
            "dataset_id": "retail_sales",
            "default_collation": "",
            "default_encryption_configuration": [],
            "default_partition_expiration_ms": 0,
            "default_table_expiration_ms": 0,
            "delete_contents_on_destroy": true,
            "description": "",
            "effective_labels": {
              "goog-terraform-provisioned": "true"
            },
            "etag": "UZgOboHNcP0XE28fnfkTlQ==",
            "external_catalog_dataset_options": [],
            "external_dataset_reference": [],
            "friendly_name": "",
            "id": "projects/stores-analysis-464721/datasets/retail_sales",
            "is_case_insensitive": false,
            "labels": {},
            "last_modified_time": 1751529481338,
            "location": "us-central1",
            "max_time_travel_hours": "168",
            "project": "stores-analysis-464721",
            "resource_tags": {},
            "self_link": "https://bigquery.googleapis.com/bigquery/v2/projects/stores-analysis-464721/datasets/retail_sales",
            "storage_billing_model": "",
            "terraform_labels": {
              "goog-terraform-provisioned": "true"
            },
            "timeouts": null
          },
          "sensitive_attributes": [],
          "identity_schema_version": 0,
          "private": "eyJlMmJmYjczMC1lY2FhLTExZTYtOGY4OC0zNDM2M2JjN2M0YzAiOnsiY3JlYXRlIjoxMjAwMDAwMDAwMDAwLCJkZWxldGUiOjEyMDAwMDAwMDAwMDAsInVwZGF0ZSI6MTIwMDAwMDAwMDAwMH19"
        }
      ]
    },
    {
      "mode": "managed",
      "type": "google_bigquery_table",
      "name": "sales_clean",
      "provider": "provider[\"registry.terraform.io/hashicorp/google\"]",
      "instances": [
        {
          "schema_version": 0,
          "attributes": {
            "biglake_configuration": [],
            "clustering": null,
            "creation_time": 1751529482172,
            "dataset_id": "retail_sales",
            "deletion_protection": true,
            "description": "",
            "effective_labels": {
              "goog-terraform-provisioned": "true"
            },
            "encryption_configuration": [],
            "etag": "nwgbF+ONbsbtj5AGZFXpLQ==",
            "expiration_time": 0,
            "external_catalog_table_options": [],
            "external_data_configuration": [],
            "friendly_name": "",
            "id": "projects/stores-analysis-464721/datasets/retail_sales/tables/sales_clean",
            "labels": {},
            "last_modified_time": 1751531365087,
            "location": "us-central1",
            "materialized_view": [],
            "max_staleness": "",
            "num_bytes": 92745400,
            "num_long_term_bytes": 0,
            "num_rows": 421570,
            "project": "stores-analysis-464721",
            "range_partitioning": [],
            "require_partition_filter": false,
            "resource_tags": {},
            "schema": "[{\"mode\":\"NULLABLE\",\"name\":\"Store\",\"type\":\"INTEGER\"},{\"mode\":\"NULLABLE\",\"name\":\"Dept\",\"type\":\"INTEGER\"},{\"mode\":\"NULLABLE\",\"name\":\"Date\",\"type\":\"DATE\"},{\"mode\":\"NULLABLE\",\"name\":\"Weekly_Sales\",\"type\":\"FLOAT\"},{\"mode\":\"NULLABLE\",\"name\":\"IsHoliday\",\"type\":\"BOOLEAN\"},{\"mode\":\"NULLABLE\",\"name\":\"Temperature\",\"type\":\"FLOAT\"},{\"mode\":\"NULLABLE\",\"name\":\"Fuel_Price\",\"type\":\"FLOAT\"},{\"mode\":\"NULLABLE\",\"name\":\"MarkDown1\",\"type\":\"FLOAT\"},{\"mode\":\"NULLABLE\",\"name\":\"MarkDown2\",\"type\":\"FLOAT\"},{\"mode\":\"NULLABLE\",\"name\":\"MarkDown3\",\"type\":\"FLOAT\"},{\"mode\":\"NULLABLE\",\"name\":\"MarkDown4\",\"type\":\"FLOAT\"},{\"mode\":\"NULLABLE\",\"name\":\"MarkDown5\",\"type\":\"FLOAT\"},{\"mode\":\"NULLABLE\",\"name\":\"CPI\",\"type\":\"FLOAT\"},{\"mode\":\"NULLABLE\",\"name\":\"Unemployment\",\"type\":\"FLOAT\"},{\"mode\":\"NULLABLE\",\"name\":\"Type\",\"type\":\"STRING\"},{\"mode\":\"NULLABLE\",\"name\":\"Size\",\"type\":\"INTEGER\"},{\"mode\":\"NULLABLE\",\"name\":\"Year\",\"type\":\"INTEGER\"},{\"mode\":\"NULLABLE\",\"name\":\"Month\",\"type\":\"INTEGER\"},{\"mode\":\"NULLABLE\",\"name\":\"Week\",\"type\":\"INTEGER\"},{\"mode\":\"NULLABLE\",\"name\":\"DayOfWeek\",\"type\":\"INTEGER\"},{\"mode\":\"NULLABLE\",\"name\":\"HolidayWeight\",\"type\":\"INTEGER\"},{\"mode\":\"NULLABLE\",\"name\":\"CPI_norm\",\"type\":\"FLOAT\"},{\"mode\":\"NULLABLE\",\"name\":\"Temperature_norm\",\"type\":\"FLOAT\"},{\"mode\":\"NULLABLE\",\"name\":\"Fuel_Price_norm\",\"type\":\"FLOAT\"},{\"mode\":\"NULLABLE\",\"name\":\"MarkDown1_norm\",\"type\":\"FLOAT\"},{\"mode\":\"NULLABLE\",\"name\":\"MarkDown2_norm\",\"type\":\"FLOAT\"},{\"mode\":\"NULLABLE\",\"name\":\"MarkDown3_norm\",\"type\":\"FLOAT\"},{\"mode\":\"NULLABLE\",\"name\":\"MarkDown4_norm\",\"type\":\"FLOAT\"},{\"mode\":\"NULLABLE\",\"name\":\"MarkDown5_norm\",\"type\":\"FLOAT\"}]",
            "schema_foreign_type_info": [],
            "self_link": "https://bigquery.googleapis.com/bigquery/v2/projects/stores-analysis-464721/datasets/retail_sales/tables/sales_clean",
            "table_constraints": [],
            "table_id": "sales_clean",
            "table_metadata_view": null,
            "table_replication_info": [],
            "terraform_labels": {
              "goog-terraform-provisioned": "true"
            },
            "time_partitioning": [],
            "type": "TABLE",
            "view": []
          },
          "sensitive_attributes": [],
          "identity_schema_version": 0,
          "private": "bnVsbA==",
          "dependencies": [
            "google_bigquery_dataset.retail_sales"
          ]
        }
      ]
    },
    {
      "mode": "managed",
      "type": "google_compute_instance",
      "name": "ml_vm",
      "provider": "provider[\"registry.terraform.io/hashicorp/google\"]",
      "instances": [
        {
          "schema_version": 6,
          "attributes": {
            "advanced_machine_features": [],
            "allow_stopping_for_update": true,
            "attached_disk": [],
            "boot_disk": [
              {
                "auto_delete": true,
                "device_name": "persistent-disk-0",
                "disk_encryption_key_raw": "",
                "disk_encryption_key_rsa": "",
                "disk_encryption_key_sha256": "",
                "disk_encryption_service_account": "",
                "force_attach": false,
                "guest_os_features": [
                  "UEFI_COMPATIBLE",
                  "VIRTIO_SCSI_MULTIQUEUE",
                  "GVNIC",
                  "SEV_CAPABLE",
                  "SEV_LIVE_MIGRATABLE_V2"
                ],
                "initialize_params": [
                  {
                    "architecture": "X86_64",
                    "enable_confidential_compute": false,
                    "image": "https://www.googleapis.com/compute/v1/projects/debian-cloud/global/images/debian-12-bookworm-v20250610",
                    "labels": {},
                    "provisioned_iops": 0,
                    "provisioned_throughput": 0,
                    "resource_manager_tags": {},
                    "resource_policies": [],
                    "size": 50,
                    "snapshot": "",
                    "source_image_encryption_key": [],
                    "source_snapshot_encryption_key": [],
                    "storage_pool": "",
                    "type": "pd-standard"
                  }
                ],
                "interface": "",
                "kms_key_self_link": "",
                "mode": "READ_WRITE",
                "source": "https://www.googleapis.com/compute/v1/projects/stores-analysis-464721/zones/us-central1-a/disks/ml-pipeline-vm"
              }
            ],
            "can_ip_forward": false,
            "confidential_instance_config": [],
            "cpu_platform": "Intel Broadwell",
            "creation_timestamp": "2025-07-02T14:35:45.651-07:00",
            "current_status": "RUNNING",
            "deletion_protection": false,
            "description": "",
            "desired_status": null,
            "effective_labels": {
              "goog-terraform-provisioned": "true"
            },
            "enable_display": false,
            "guest_accelerator": [],
            "hostname": "",
            "id": "projects/stores-analysis-464721/zones/us-central1-a/instances/ml-pipeline-vm",
            "instance_encryption_key": [],
            "instance_id": "2852914858155317471",
            "key_revocation_action_type": "",
            "label_fingerprint": "vezUS-42LLM=",
            "labels": {},
            "machine_type": "e2-standard-4",
            "metadata": {},
            "metadata_fingerprint": "XhIcmrDIbiw=",
            "metadata_startup_script": "#!/bin/bash\nsudo apt-get update\nsudo apt-get install -y docker.io git\nsudo usermod -aG docker $USER\nsudo systemctl enable docker\nsudo systemctl start docker\n# Optionally: pull your Docker image here\n",
            "min_cpu_platform": "",
            "name": "ml-pipeline-vm",
            "network_interface": [
              {
                "access_config": [
                  {
                    "nat_ip": "34.57.135.110",
                    "network_tier": "PREMIUM",
                    "public_ptr_domain_name": ""
                  }
                ],
                "alias_ip_range": [],
                "internal_ipv6_prefix_length": 0,
                "ipv6_access_config": [],
                "ipv6_access_type": "",
                "ipv6_address": "",
                "name": "nic0",
                "network": "https://www.googleapis.com/compute/v1/projects/stores-analysis-464721/global/networks/default",
                "network_attachment": "",
                "network_ip": "10.128.0.2",
                "nic_type": "",
                "queue_count": 0,
                "stack_type": "IPV4_ONLY",
                "subnetwork": "https://www.googleapis.com/compute/v1/projects/stores-analysis-464721/regions/us-central1/subnetworks/default",
                "subnetwork_project": "stores-analysis-464721"
              }
            ],
            "network_performance_config": [],
            "params": [],
            "project": "stores-analysis-464721",
            "reservation_affinity": [],
            "resource_policies": [],
            "scheduling": [
              {
                "automatic_restart": true,
                "availability_domain": 0,
                "instance_termination_action": "",
                "local_ssd_recovery_timeout": [],
                "max_run_duration": [],
                "min_node_cpus": 0,
                "node_affinities": [],
                "on_host_maintenance": "MIGRATE",
                "on_instance_stop_action": [],
                "preemptible": false,
                "provisioning_model": "STANDARD",
                "termination_time": ""
              }
            ],
            "scratch_disk": [],
            "self_link": "https://www.googleapis.com/compute/v1/projects/stores-analysis-464721/zones/us-central1-a/instances/ml-pipeline-vm",
            "service_account": [],
            "shielded_instance_config": [
              {
                "enable_integrity_monitoring": true,
                "enable_secure_boot": false,
                "enable_vtpm": true
              }
            ],
            "tags": [
              "ml-pipeline"
            ],
            "tags_fingerprint": "jA5Nu9fWECs=",
            "terraform_labels": {
              "goog-terraform-provisioned": "true"
            },
            "timeouts": null,
            "zone": "us-central1-a"
          },
          "sensitive_attributes": [
            [
              {
                "type": "get_attr",
                "value": "boot_disk"
              },
              {
                "type": "index",
                "value": {
                  "value": 0,
                  "type": "number"
                }
              },
              {
                "type": "get_attr",
                "value": "disk_encryption_key_raw"
              }
            ],
            [
              {
                "type": "get_attr",
                "value": "boot_disk"
              },
              {
                "type": "index",
                "value": {
                  "value": 0,
                  "type": "number"
                }
              },
              {
                "type": "get_attr",
                "value": "disk_encryption_key_rsa"
              }
            ]
          ],
          "identity_schema_version": 0,
          "private": "eyJlMmJmYjczMC1lY2FhLTExZTYtOGY4OC0zNDM2M2JjN2M0YzAiOnsiY3JlYXRlIjoxMjAwMDAwMDAwMDAwLCJkZWxldGUiOjEyMDAwMDAwMDAwMDAsInVwZGF0ZSI6MTIwMDAwMDAwMDAwMH0sInNjaGVtYV92ZXJzaW9uIjoiNiJ9"
        }
      ]
    },
    {
      "mode": "managed",
      "type": "google_storage_bucket",
      "name": "ml_bucket",
      "provider": "provider[\"registry.terraform.io/hashicorp/google\"]",
      "instances": [
        {
          "schema_version": 3,
          "attributes": {
            "autoclass": [],
            "cors": [],
            "custom_placement_config": [],
            "default_event_based_hold": false,
            "effective_labels": {
              "goog-terraform-provisioned": "true"
            },
            "enable_object_retention": false,
            "encryption": [],
            "force_destroy": true,
            "hierarchical_namespace": [
              {
                "enabled": false
              }
            ],
            "id": "stores-analysis-464721-stevenson-20250630",
            "ip_filter": [],
            "labels": {},
            "lifecycle_rule": [],
            "location": "US-CENTRAL1",
            "logging": [],
            "name": "stores-analysis-464721-stevenson-20250630",
            "project": "stores-analysis-464721",
            "project_number": 379346208118,
            "public_access_prevention": "inherited",
            "requester_pays": false,
            "retention_policy": [],
            "rpo": null,
            "self_link": "https://www.googleapis.com/storage/v1/b/stores-analysis-464721-stevenson-20250630",
            "soft_delete_policy": [
              {
                "effective_time": "2025-07-02T21:31:11.392Z",
                "retention_duration_seconds": 604800
              }
            ],
            "storage_class": "STANDARD",
            "terraform_labels": {
              "goog-terraform-provisioned": "true"
            },
            "time_created": "2025-07-02T21:31:11.392Z",
            "timeouts": null,
            "uniform_bucket_level_access": false,
            "updated": "2025-07-02T21:31:11.392Z",
            "url": "gs://stores-analysis-464721-stevenson-20250630",
            "versioning": [],
            "website": []
          },
          "sensitive_attributes": [],
          "identity_schema_version": 0,
          "private": "eyJlMmJmYjczMC1lY2FhLTExZTYtOGY4OC0zNDM2M2JjN2M0YzAiOnsiY3JlYXRlIjo2MDAwMDAwMDAwMDAsInJlYWQiOjI0MDAwMDAwMDAwMCwidXBkYXRlIjoyNDAwMDAwMDAwMDB9LCJzY2hlbWFfdmVyc2lvbiI6IjMifQ=="
        }
      ]
    }
  ],
  "check_results": null
}
